<Solution>
  <Folder Name="/src/">
    <Project Path="src/YtDlpGui.App/YtDlpGui.App.csproj" />
    <Project Path="src/YtDlpGui.Core/YtDlpGui.Core.csproj" />
    <Project Path="src/YtDlpGui.Infrastructure/YtDlpGui.Infrastructure.csproj" />
  </Folder>
  <Folder Name="/tests/">
    <Project Path="tests/YtDlpGui.Core.Tests/YtDlpGui.Core.Tests.csproj" />
  </Folder>
</Solution>
